
Microsoft Visual Studio Solution File, Format Version 12.00
# Visual Studio Version 17
VisualStudioVersion = 17.5.2.0
MinimumVisualStudioVersion = 10.0.40219.1
Project("{2150E333-8FDC-42A3-9474-1A3956D46DE8}") = "DotNet", "DotNet", "{71E6E750-85FD-B5BC-4321-E01377EC6231}"
EndProject
Project("{FAE04EC0-301F-11D3-BF4B-00C04F79EFBC}") = "Api", "DotNet\Api\Api.csproj", "{5DBEE51E-1A7D-78BA-E555-55B2BAD10E8F}"
EndProject
Project("{FAE04EC0-301F-11D3-BF4B-00C04F79EFBC}") = "Functions", "DotNet\Functions\Functions.csproj", "{9FAD232A-89F9-FFC6-6F78-76AAE9E3D5D5}"
EndProject
Project("{FAE04EC0-301F-11D3-BF4B-00C04F79EFBC}") = "Api.Tests", "DotNet\Api.Tests\Api.Tests.csproj", "{7E8F4243-A257-4D96-AC08-C1984B7BC58B}"
EndProject
Project("{FAE04EC0-301F-11D3-BF4B-00C04F79EFBC}") = "Functions.Tests", "DotNet\Functions.Tests\Functions.Tests.csproj", "{79490CA0-1D9C-476D-9229-F5E62EEC6E71}"
EndProject
Project("{2150E333-8FDC-42A3-9474-1A3956D46DE8}") = "Patterns", "Patterns", "{DE315B80-B121-E191-ED45-E00EFA1EEBA7}"
EndProject
Project("{2150E333-8FDC-42A3-9474-1A3956D46DE8}") = "DesignPrinciples", "DesignPrinciples", "{3ABEC619-67BA-3084-A82B-C1C2D9A8AB83}"
EndProject
Project("{FAE04EC0-301F-11D3-BF4B-00C04F79EFBC}") = "SolidPrinciples", "DotNet\Patterns\DesignPrinciples\SolidPrinciples\SolidPrinciples.csproj", "{40E73387-C1C9-45C3-9AB8-BFC64E028ADE}"
EndProject
Project("{2150E333-8FDC-42A3-9474-1A3956D46DE8}") = "DesignPatterns", "DesignPatterns", "{40E50665-1907-BED9-86E7-D16409D086F5}"
EndProject
Project("{2150E333-8FDC-42A3-9474-1A3956D46DE8}") = "Creational", "Creational", "{5E0EDC22-49D1-0C99-5409-03390311E88A}"
EndProject
Project("{FAE04EC0-301F-11D3-BF4B-00C04F79EFBC}") = "CreationalPatterns", "DotNet\Patterns\DesignPatterns\Creational\CreationalPatterns\CreationalPatterns.csproj", "{04D0C9DB-E890-489F-BCCB-8142E05E8513}"
EndProject
Project("{2150E333-8FDC-42A3-9474-1A3956D46DE8}") = "Structural", "Structural", "{C2A1823A-DE1A-86B0-9636-1A11645FFD12}"
EndProject
Project("{FAE04EC0-301F-11D3-BF4B-00C04F79EFBC}") = "StructuralPatterns", "DotNet\Patterns\DesignPatterns\Structural\StructuralPatterns\StructuralPatterns.csproj", "{F7C8B267-57E5-49E2-9009-3B6F46B0F6DB}"
EndProject
Project("{2150E333-8FDC-42A3-9474-1A3956D46DE8}") = "Behavioral", "Behavioral", "{E6DB4DC3-3CD8-1092-163E-34BD27B0885E}"
EndProject
Project("{FAE04EC0-301F-11D3-BF4B-00C04F79EFBC}") = "BehavioralPatterns", "DotNet\Patterns\DesignPatterns\Behavioral\BehavioralPatterns\BehavioralPatterns.csproj", "{4E4B431C-F8A9-422C-85E7-8A030CD26AD8}"
EndProject
Global
	GlobalSection(SolutionConfigurationPlatforms) = preSolution
		Debug|Any CPU = Debug|Any CPU
		Debug|x64 = Debug|x64
		Debug|x86 = Debug|x86
		Release|Any CPU = Release|Any CPU
		Release|x64 = Release|x64
		Release|x86 = Release|x86
	EndGlobalSection
	GlobalSection(ProjectConfigurationPlatforms) = postSolution
		{5DBEE51E-1A7D-78BA-E555-55B2BAD10E8F}.Debug|Any CPU.ActiveCfg = Debug|Any CPU
		{5DBEE51E-1A7D-78BA-E555-55B2BAD10E8F}.Debug|Any CPU.Build.0 = Debug|Any CPU
		{5DBEE51E-1A7D-78BA-E555-55B2BAD10E8F}.Debug|x64.ActiveCfg = Debug|Any CPU
		{5DBEE51E-1A7D-78BA-E555-55B2BAD10E8F}.Debug|x64.Build.0 = Debug|Any CPU
		{5DBEE51E-1A7D-78BA-E555-55B2BAD10E8F}.Debug|x86.ActiveCfg = Debug|Any CPU
		{5DBEE51E-1A7D-78BA-E555-55B2BAD10E8F}.Debug|x86.Build.0 = Debug|Any CPU
		{5DBEE51E-1A7D-78BA-E555-55B2BAD10E8F}.Release|Any CPU.ActiveCfg = Release|Any CPU
		{5DBEE51E-1A7D-78BA-E555-55B2BAD10E8F}.Release|Any CPU.Build.0 = Release|Any CPU
		{5DBEE51E-1A7D-78BA-E555-55B2BAD10E8F}.Release|x64.ActiveCfg = Release|Any CPU
		{5DBEE51E-1A7D-78BA-E555-55B2BAD10E8F}.Release|x64.Build.0 = Release|Any CPU
		{5DBEE51E-1A7D-78BA-E555-55B2BAD10E8F}.Release|x86.ActiveCfg = Release|Any CPU
		{5DBEE51E-1A7D-78BA-E555-55B2BAD10E8F}.Release|x86.Build.0 = Release|Any CPU
		{9FAD232A-89F9-FFC6-6F78-76AAE9E3D5D5}.Debug|Any CPU.ActiveCfg = Debug|Any CPU
		{9FAD232A-89F9-FFC6-6F78-76AAE9E3D5D5}.Debug|Any CPU.Build.0 = Debug|Any CPU
		{9FAD232A-89F9-FFC6-6F78-76AAE9E3D5D5}.Debug|x64.ActiveCfg = Debug|Any CPU
		{9FAD232A-89F9-FFC6-6F78-76AAE9E3D5D5}.Debug|x64.Build.0 = Debug|Any CPU
		{9FAD232A-89F9-FFC6-6F78-76AAE9E3D5D5}.Debug|x86.ActiveCfg = Debug|Any CPU
		{9FAD232A-89F9-FFC6-6F78-76AAE9E3D5D5}.Debug|x86.Build.0 = Debug|Any CPU
		{9FAD232A-89F9-FFC6-6F78-76AAE9E3D5D5}.Release|Any CPU.ActiveCfg = Release|Any CPU
		{9FAD232A-89F9-FFC6-6F78-76AAE9E3D5D5}.Release|Any CPU.Build.0 = Release|Any CPU
		{9FAD232A-89F9-FFC6-6F78-76AAE9E3D5D5}.Release|x64.ActiveCfg = Release|Any CPU
		{9FAD232A-89F9-FFC6-6F78-76AAE9E3D5D5}.Release|x64.Build.0 = Release|Any CPU
		{9FAD232A-89F9-FFC6-6F78-76AAE9E3D5D5}.Release|x86.ActiveCfg = Release|Any CPU
		{9FAD232A-89F9-FFC6-6F78-76AAE9E3D5D5}.Release|x86.Build.0 = Release|Any CPU
		{7E8F4243-A257-4D96-AC08-C1984B7BC58B}.Debug|Any CPU.ActiveCfg = Debug|Any CPU
		{7E8F4243-A257-4D96-AC08-C1984B7BC58B}.Debug|Any CPU.Build.0 = Debug|Any CPU
		{7E8F4243-A257-4D96-AC08-C1984B7BC58B}.Debug|x64.ActiveCfg = Debug|Any CPU
		{7E8F4243-A257-4D96-AC08-C1984B7BC58B}.Debug|x64.Build.0 = Debug|Any CPU
		{7E8F4243-A257-4D96-AC08-C1984B7BC58B}.Debug|x86.ActiveCfg = Debug|Any CPU
		{7E8F4243-A257-4D96-AC08-C1984B7BC58B}.Debug|x86.Build.0 = Debug|Any CPU
		{7E8F4243-A257-4D96-AC08-C1984B7BC58B}.Release|Any CPU.ActiveCfg = Release|Any CPU
		{7E8F4243-A257-4D96-AC08-C1984B7BC58B}.Release|Any CPU.Build.0 = Release|Any CPU
		{7E8F4243-A257-4D96-AC08-C1984B7BC58B}.Release|x64.ActiveCfg = Release|Any CPU
		{7E8F4243-A257-4D96-AC08-C1984B7BC58B}.Release|x64.Build.0 = Release|Any CPU
		{7E8F4243-A257-4D96-AC08-C1984B7BC58B}.Release|x86.ActiveCfg = Release|Any CPU
		{7E8F4243-A257-4D96-AC08-C1984B7BC58B}.Release|x86.Build.0 = Release|Any CPU
		{79490CA0-1D9C-476D-9229-F5E62EEC6E71}.Debug|Any CPU.ActiveCfg = Debug|Any CPU
		{79490CA0-1D9C-476D-9229-F5E62EEC6E71}.Debug|Any CPU.Build.0 = Debug|Any CPU
		{79490CA0-1D9C-476D-9229-F5E62EEC6E71}.Debug|x64.ActiveCfg = Debug|Any CPU
		{79490CA0-1D9C-476D-9229-F5E62EEC6E71}.Debug|x64.Build.0 = Debug|Any CPU
		{79490CA0-1D9C-476D-9229-F5E62EEC6E71}.Debug|x86.ActiveCfg = Debug|Any CPU
		{79490CA0-1D9C-476D-9229-F5E62EEC6E71}.Debug|x86.Build.0 = Debug|Any CPU
		{79490CA0-1D9C-476D-9229-F5E62EEC6E71}.Release|Any CPU.ActiveCfg = Release|Any CPU
		{79490CA0-1D9C-476D-9229-F5E62EEC6E71}.Release|Any CPU.Build.0 = Release|Any CPU
		{79490CA0-1D9C-476D-9229-F5E62EEC6E71}.Release|x64.ActiveCfg = Release|Any CPU
		{79490CA0-1D9C-476D-9229-F5E62EEC6E71}.Release|x64.Build.0 = Release|Any CPU
		{79490CA0-1D9C-476D-9229-F5E62EEC6E71}.Release|x86.ActiveCfg = Release|Any CPU
		{79490CA0-1D9C-476D-9229-F5E62EEC6E71}.Release|x86.Build.0 = Release|Any CPU
		{40E73387-C1C9-45C3-9AB8-BFC64E028ADE}.Debug|Any CPU.ActiveCfg = Debug|Any CPU
		{40E73387-C1C9-45C3-9AB8-BFC64E028ADE}.Debug|Any CPU.Build.0 = Debug|Any CPU
		{40E73387-C1C9-45C3-9AB8-BFC64E028ADE}.Debug|x64.ActiveCfg = Debug|Any CPU
		{40E73387-C1C9-45C3-9AB8-BFC64E028ADE}.Debug|x64.Build.0 = Debug|Any CPU
		{40E73387-C1C9-45C3-9AB8-BFC64E028ADE}.Debug|x86.ActiveCfg = Debug|Any CPU
		{40E73387-C1C9-45C3-9AB8-BFC64E028ADE}.Debug|x86.Build.0 = Debug|Any CPU
		{40E73387-C1C9-45C3-9AB8-BFC64E028ADE}.Release|Any CPU.ActiveCfg = Release|Any CPU
		{40E73387-C1C9-45C3-9AB8-BFC64E028ADE}.Release|Any CPU.Build.0 = Release|Any CPU
		{40E73387-C1C9-45C3-9AB8-BFC64E028ADE}.Release|x64.ActiveCfg = Release|Any CPU
		{40E73387-C1C9-45C3-9AB8-BFC64E028ADE}.Release|x64.Build.0 = Release|Any CPU
		{40E73387-C1C9-45C3-9AB8-BFC64E028ADE}.Release|x86.ActiveCfg = Release|Any CPU
		{40E73387-C1C9-45C3-9AB8-BFC64E028ADE}.Release|x86.Build.0 = Release|Any CPU
		{04D0C9DB-E890-489F-BCCB-8142E05E8513}.Debug|Any CPU.ActiveCfg = Debug|Any CPU
		{04D0C9DB-E890-489F-BCCB-8142E05E8513}.Debug|Any CPU.Build.0 = Debug|Any CPU
		{04D0C9DB-E890-489F-BCCB-8142E05E8513}.Debug|x64.ActiveCfg = Debug|Any CPU
		{04D0C9DB-E890-489F-BCCB-8142E05E8513}.Debug|x64.Build.0 = Debug|Any CPU
		{04D0C9DB-E890-489F-BCCB-8142E05E8513}.Debug|x86.ActiveCfg = Debug|Any CPU
		{04D0C9DB-E890-489F-BCCB-8142E05E8513}.Debug|x86.Build.0 = Debug|Any CPU
		{04D0C9DB-E890-489F-BCCB-8142E05E8513}.Release|Any CPU.ActiveCfg = Release|Any CPU
		{04D0C9DB-E890-489F-BCCB-8142E05E8513}.Release|Any CPU.Build.0 = Release|Any CPU
		{04D0C9DB-E890-489F-BCCB-8142E05E8513}.Release|x64.ActiveCfg = Release|Any CPU
		{04D0C9DB-E890-489F-BCCB-8142E05E8513}.Release|x64.Build.0 = Release|Any CPU
		{04D0C9DB-E890-489F-BCCB-8142E05E8513}.Release|x86.ActiveCfg = Release|Any CPU
		{04D0C9DB-E890-489F-BCCB-8142E05E8513}.Release|x86.Build.0 = Release|Any CPU
		{F7C8B267-57E5-49E2-9009-3B6F46B0F6DB}.Debug|Any CPU.ActiveCfg = Debug|Any CPU
		{F7C8B267-57E5-49E2-9009-3B6F46B0F6DB}.Debug|Any CPU.Build.0 = Debug|Any CPU
		{F7C8B267-57E5-49E2-9009-3B6F46B0F6DB}.Debug|x64.ActiveCfg = Debug|Any CPU
		{F7C8B267-57E5-49E2-9009-3B6F46B0F6DB}.Debug|x64.Build.0 = Debug|Any CPU
		{F7C8B267-57E5-49E2-9009-3B6F46B0F6DB}.Debug|x86.ActiveCfg = Debug|Any CPU
		{F7C8B267-57E5-49E2-9009-3B6F46B0F6DB}.Debug|x86.Build.0 = Debug|Any CPU
		{F7C8B267-57E5-49E2-9009-3B6F46B0F6DB}.Release|Any CPU.ActiveCfg = Release|Any CPU
		{F7C8B267-57E5-49E2-9009-3B6F46B0F6DB}.Release|Any CPU.Build.0 = Release|Any CPU
		{F7C8B267-57E5-49E2-9009-3B6F46B0F6DB}.Release|x64.ActiveCfg = Release|Any CPU
		{F7C8B267-57E5-49E2-9009-3B6F46B0F6DB}.Release|x64.Build.0 = Release|Any CPU
		{F7C8B267-57E5-49E2-9009-3B6F46B0F6DB}.Release|x86.ActiveCfg = Release|Any CPU
		{F7C8B267-57E5-49E2-9009-3B6F46B0F6DB}.Release|x86.Build.0 = Release|Any CPU
		{4E4B431C-F8A9-422C-85E7-8A030CD26AD8}.Debug|Any CPU.ActiveCfg = Debug|Any CPU
		{4E4B431C-F8A9-422C-85E7-8A030CD26AD8}.Debug|Any CPU.Build.0 = Debug|Any CPU
		{4E4B431C-F8A9-422C-85E7-8A030CD26AD8}.Debug|x64.ActiveCfg = Debug|Any CPU
		{4E4B431C-F8A9-422C-85E7-8A030CD26AD8}.Debug|x64.Build.0 = Debug|Any CPU
		{4E4B431C-F8A9-422C-85E7-8A030CD26AD8}.Debug|x86.ActiveCfg = Debug|Any CPU
		{4E4B431C-F8A9-422C-85E7-8A030CD26AD8}.Debug|x86.Build.0 = Debug|Any CPU
		{4E4B431C-F8A9-422C-85E7-8A030CD26AD8}.Release|Any CPU.ActiveCfg = Release|Any CPU
		{4E4B431C-F8A9-422C-85E7-8A030CD26AD8}.Release|Any CPU.Build.0 = Release|Any CPU
		{4E4B431C-F8A9-422C-85E7-8A030CD26AD8}.Release|x64.ActiveCfg = Release|Any CPU
		{4E4B431C-F8A9-422C-85E7-8A030CD26AD8}.Release|x64.Build.0 = Release|Any CPU
		{4E4B431C-F8A9-422C-85E7-8A030CD26AD8}.Release|x86.ActiveCfg = Release|Any CPU
		{4E4B431C-F8A9-422C-85E7-8A030CD26AD8}.Release|x86.Build.0 = Release|Any CPU
	EndGlobalSection
	GlobalSection(SolutionProperties) = preSolution
		HideSolutionNode = FALSE
	EndGlobalSection
	GlobalSection(NestedProjects) = preSolution
		{5DBEE51E-1A7D-78BA-E555-55B2BAD10E8F} = {71E6E750-85FD-B5BC-4321-E01377EC6231}
		{9FAD232A-89F9-FFC6-6F78-76AAE9E3D5D5} = {71E6E750-85FD-B5BC-4321-E01377EC6231}
		{7E8F4243-A257-4D96-AC08-C1984B7BC58B} = {71E6E750-85FD-B5BC-4321-E01377EC6231}
		{79490CA0-1D9C-476D-9229-F5E62EEC6E71} = {71E6E750-85FD-B5BC-4321-E01377EC6231}
		{DE315B80-B121-E191-ED45-E00EFA1EEBA7} = {71E6E750-85FD-B5BC-4321-E01377EC6231}
		{3ABEC619-67BA-3084-A82B-C1C2D9A8AB83} = {DE315B80-B121-E191-ED45-E00EFA1EEBA7}
		{40E73387-C1C9-45C3-9AB8-BFC64E028ADE} = {3ABEC619-67BA-3084-A82B-C1C2D9A8AB83}
		{40E50665-1907-BED9-86E7-D16409D086F5} = {DE315B80-B121-E191-ED45-E00EFA1EEBA7}
		{5E0EDC22-49D1-0C99-5409-03390311E88A} = {40E50665-1907-BED9-86E7-D16409D086F5}
		{04D0C9DB-E890-489F-BCCB-8142E05E8513} = {5E0EDC22-49D1-0C99-5409-03390311E88A}
		{C2A1823A-DE1A-86B0-9636-1A11645FFD12} = {40E50665-1907-BED9-86E7-D16409D086F5}
		{F7C8B267-57E5-49E2-9009-3B6F46B0F6DB} = {C2A1823A-DE1A-86B0-9636-1A11645FFD12}
		{E6DB4DC3-3CD8-1092-163E-34BD27B0885E} = {40E50665-1907-BED9-86E7-D16409D086F5}
		{4E4B431C-F8A9-422C-85E7-8A030CD26AD8} = {E6DB4DC3-3CD8-1092-163E-34BD27B0885E}
	EndGlobalSection
	GlobalSection(ExtensibilityGlobals) = postSolution
		SolutionGuid = {A031BC3C-097D-40B1-A09B-E1C0EBDED607}
	EndGlobalSection
EndGlobal
